
Microsoft Visual Studio Solution File, Format Version 12.00
# Visual Studio Version 16
VisualStudioVersion = 16.0.30711.63
MinimumVisualStudioVersion = 10.0.40219.1
Project("{9A19103F-16F7-4668-BE54-9A1E7A4F7556}") = "AzureCognitiveMvc", "AzureCognitiveMvc\AzureCognitiveMvc.csproj", "{D0051E38-C1C4-4309-9E6F-13DE1945B78D}"
EndProject
Project("{FAE04EC0-301F-11D3-BF4B-00C04F79EFBC}") = "AzureStorageLib", "AzureStorageLib\AzureStorageLib.csproj", "{0C3FEC30-FF86-4619-AFD0-187BC0C26BFD}"
EndProject
Project("{FAE04EC0-301F-11D3-BF4B-00C04F79EFBC}") = "AzureCognitiveLib", "AzureCognitiveLib\AzureCognitiveLib.csproj", "{481276C0-ACE5-4D18-B3F6-AC20F264EE0F}"
EndProject
Global
	GlobalSection(SolutionConfigurationPlatforms) = preSolution
		Debug|Any CPU = Debug|Any CPU
		Release|Any CPU = Release|Any CPU
	EndGlobalSection
	GlobalSection(ProjectConfigurationPlatforms) = postSolution
		{D0051E38-C1C4-4309-9E6F-13DE1945B78D}.Debug|Any CPU.ActiveCfg = Debug|Any CPU
		{D0051E38-C1C4-4309-9E6F-13DE1945B78D}.Debug|Any CPU.Build.0 = Debug|Any CPU
		{D0051E38-C1C4-4309-9E6F-13DE1945B78D}.Release|Any CPU.ActiveCfg = Release|Any CPU
		{D0051E38-C1C4-4309-9E6F-13DE1945B78D}.Release|Any CPU.Build.0 = Release|Any CPU
		{0C3FEC30-FF86-4619-AFD0-187BC0C26BFD}.Debug|Any CPU.ActiveCfg = Debug|Any CPU
		{0C3FEC30-FF86-4619-AFD0-187BC0C26BFD}.Debug|Any CPU.Build.0 = Debug|Any CPU
		{0C3FEC30-FF86-4619-AFD0-187BC0C26BFD}.Release|Any CPU.ActiveCfg = Release|Any CPU
		{0C3FEC30-FF86-4619-AFD0-187BC0C26BFD}.Release|Any CPU.Build.0 = Release|Any CPU
		{481276C0-ACE5-4D18-B3F6-AC20F264EE0F}.Debug|Any CPU.ActiveCfg = Debug|Any CPU
		{481276C0-ACE5-4D18-B3F6-AC20F264EE0F}.Debug|Any CPU.Build.0 = Debug|Any CPU
		{481276C0-ACE5-4D18-B3F6-AC20F264EE0F}.Release|Any CPU.ActiveCfg = Release|Any CPU
		{481276C0-ACE5-4D18-B3F6-AC20F264EE0F}.Release|Any CPU.Build.0 = Release|Any CPU
	EndGlobalSection
	GlobalSection(SolutionProperties) = preSolution
		HideSolutionNode = FALSE
	EndGlobalSection
	GlobalSection(ExtensibilityGlobals) = postSolution
		SolutionGuid = {C98BD45D-B7A5-45DE-B8A5-1E0747355569}
	EndGlobalSection
EndGlobal
